dependencies:
- name: helm_vote
  repository: oci://registry-1.docker.io/vikasharya000
  version: 0.39.0
- name: helm_result
  repository: oci://registry-1.docker.io/vikasharya000
  version: 0.17.0
- name: helm_worker
  repository: oci://registry-1.docker.io/vikasharya000
  version: 0.5.0
- name: psql
  repository: oci://registry-1.docker.io/vikasharya000
  version: 0.1.0
- name: redis
  repository: oci://registry-1.docker.io/vikasharya000
  version: 0.1.0
digest: sha256:27d498e9d5739a61818285a12111aecbdeeec4806d2c94e0c2cb58ae4af4a58f
generated: "2023-03-29T17:15:22.507537024Z"
