dependencies:
- name: helm_vote
  repository: oci://registry-1.docker.io/vikasharya000
  version: 0.71.0
- name: helm_result
  repository: oci://registry-1.docker.io/vikasharya000
  version: 0.30.0
- name: helm_worker
  repository: oci://registry-1.docker.io/vikasharya000
  version: 0.12.0
- name: psql
  repository: oci://registry-1.docker.io/vikasharya000
  version: 0.1.0
- name: redis
  repository: oci://registry-1.docker.io/vikasharya000
  version: 0.1.0
digest: sha256:179b0c0c32799752906c5e97aaca50007cea8c6f557a7052acb87084281172ae
generated: "2023-04-25T10:28:50.095534931Z"
