dependencies:
- name: helm_vote
  repository: oci://registry-1.docker.io/vikasharya000
  version: 0.41.0
- name: helm_result
  repository: oci://registry-1.docker.io/vikasharya000
  version: 0.18.0
- name: helm_worker
  repository: oci://registry-1.docker.io/vikasharya000
  version: 0.6.0
- name: psql
  repository: oci://registry-1.docker.io/vikasharya000
  version: 0.1.0
- name: redis
  repository: oci://registry-1.docker.io/vikasharya000
  version: 0.1.0
digest: sha256:9af2ff809f21aeedbdd942d593113f03e3b7bf790d60142855227ce264d6ffd8
generated: "2023-03-30T06:45:05.742849297Z"
