dependencies:
- name: helm_vote
  repository: oci://registry-1.docker.io/vikasharya000
  version: 0.2.0
- name: helm_result
  repository: oci://registry-1.docker.io/vikasharya000
  version: 0.2.0
- name: helm_worker
  repository: oci://registry-1.docker.io/vikasharya000
  version: 0.2.0
- name: psql
  repository: oci://registry-1.docker.io/vikasharya000
  version: 0.1.0
- name: redis
  repository: oci://registry-1.docker.io/vikasharya000
  version: 0.1.0
digest: sha256:84af376da404b148f910f26d8c5899676468de533a8724f46e31b47cbb244255
generated: "2023-03-27T17:37:57.468165+05:30"
